
Microsoft Visual Studio Solution File, Format Version 12.00
# Visual Studio Version 16
VisualStudioVersion = 16.0.35931.194
MinimumVisualStudioVersion = 10.0.40219.1
Project("{FAE04EC0-301F-11D3-BF4B-00C04F79EFBC}") = "ages", "ages\ages.csproj", "{781C064F-77DB-40F9-A59A-CC94B392AE4C}"
EndProject
Global
	GlobalSection(SolutionConfigurationPlatforms) = preSolution
		Debug|Any CPU = Debug|Any CPU
		Release|Any CPU = Release|Any CPU
	EndGlobalSection
	GlobalSection(ProjectConfigurationPlatforms) = postSolution
		{781C064F-77DB-40F9-A59A-CC94B392AE4C}.Debug|Any CPU.ActiveCfg = Debug|Any CPU
		{781C064F-77DB-40F9-A59A-CC94B392AE4C}.Debug|Any CPU.Build.0 = Debug|Any CPU
		{781C064F-77DB-40F9-A59A-CC94B392AE4C}.Release|Any CPU.ActiveCfg = Release|Any CPU
		{781C064F-77DB-40F9-A59A-CC94B392AE4C}.Release|Any CPU.Build.0 = Release|Any CPU
	EndGlobalSection
	GlobalSection(SolutionProperties) = preSolution
		HideSolutionNode = FALSE
	EndGlobalSection
	GlobalSection(ExtensibilityGlobals) = postSolution
		SolutionGuid = {2C6480EC-783D-4699-91CC-D9DD55D75077}
	EndGlobalSection
EndGlobal
