
Microsoft Visual Studio Solution File, Format Version 12.00
# Visual Studio Version 16
VisualStudioVersion = 16.0.35931.194
MinimumVisualStudioVersion = 10.0.40219.1
Project("{FAE04EC0-301F-11D3-BF4B-00C04F79EFBC}") = "less-than-three", "less-than-three\less-than-three.csproj", "{550DBC68-7F0C-4E95-8310-1A4A722F65BC}"
EndProject
Global
	GlobalSection(SolutionConfigurationPlatforms) = preSolution
		Debug|Any CPU = Debug|Any CPU
		Release|Any CPU = Release|Any CPU
	EndGlobalSection
	GlobalSection(ProjectConfigurationPlatforms) = postSolution
		{550DBC68-7F0C-4E95-8310-1A4A722F65BC}.Debug|Any CPU.ActiveCfg = Debug|Any CPU
		{550DBC68-7F0C-4E95-8310-1A4A722F65BC}.Debug|Any CPU.Build.0 = Debug|Any CPU
		{550DBC68-7F0C-4E95-8310-1A4A722F65BC}.Release|Any CPU.ActiveCfg = Release|Any CPU
		{550DBC68-7F0C-4E95-8310-1A4A722F65BC}.Release|Any CPU.Build.0 = Release|Any CPU
	EndGlobalSection
	GlobalSection(SolutionProperties) = preSolution
		HideSolutionNode = FALSE
	EndGlobalSection
	GlobalSection(ExtensibilityGlobals) = postSolution
		SolutionGuid = {B71625D8-19BE-4B1A-8CBA-8A39A1B0814F}
	EndGlobalSection
EndGlobal
