
Microsoft Visual Studio Solution File, Format Version 12.00
# Visual Studio Version 16
VisualStudioVersion = 16.0.35931.194
MinimumVisualStudioVersion = 10.0.40219.1
Project("{FAE04EC0-301F-11D3-BF4B-00C04F79EFBC}") = "First", "First\First.csproj", "{A2C522F0-2924-45BB-B44C-032B65F5BC71}"
EndProject
Global
	GlobalSection(SolutionConfigurationPlatforms) = preSolution
		Debug|Any CPU = Debug|Any CPU
		Release|Any CPU = Release|Any CPU
	EndGlobalSection
	GlobalSection(ProjectConfigurationPlatforms) = postSolution
		{A2C522F0-2924-45BB-B44C-032B65F5BC71}.Debug|Any CPU.ActiveCfg = Debug|Any CPU
		{A2C522F0-2924-45BB-B44C-032B65F5BC71}.Debug|Any CPU.Build.0 = Debug|Any CPU
		{A2C522F0-2924-45BB-B44C-032B65F5BC71}.Release|Any CPU.ActiveCfg = Release|Any CPU
		{A2C522F0-2924-45BB-B44C-032B65F5BC71}.Release|Any CPU.Build.0 = Release|Any CPU
	EndGlobalSection
	GlobalSection(SolutionProperties) = preSolution
		HideSolutionNode = FALSE
	EndGlobalSection
	GlobalSection(ExtensibilityGlobals) = postSolution
		SolutionGuid = {24A80FF2-D904-4933-B1DB-CBA54ADC0547}
	EndGlobalSection
EndGlobal
